
Microsoft Visual Studio Solution File, Format Version 12.00
# Visual Studio Version 17
VisualStudioVersion = 17.0.31912.275
MinimumVisualStudioVersion = 10.0.40219.1
Project("{FAE04EC0-301F-11D3-BF4B-00C04F79EFBC}") = "EmpathicDataSolutions", "EmpathicDataSolutions.csproj", "{A982AAD3-FCB4-4AF6-B997-B2D5359D4364}"
EndProject
Global
	GlobalSection(SolutionConfigurationPlatforms) = preSolution
		Debug|Any CPU = Debug|Any CPU
		Release|Any CPU = Release|Any CPU
	EndGlobalSection
	GlobalSection(ProjectConfigurationPlatforms) = postSolution
		{A982AAD3-FCB4-4AF6-B997-B2D5359D4364}.Debug|Any CPU.ActiveCfg = Debug|Any CPU
		{A982AAD3-FCB4-4AF6-B997-B2D5359D4364}.Debug|Any CPU.Build.0 = Debug|Any CPU
		{A982AAD3-FCB4-4AF6-B997-B2D5359D4364}.Release|Any CPU.ActiveCfg = Release|Any CPU
		{A982AAD3-FCB4-4AF6-B997-B2D5359D4364}.Release|Any CPU.Build.0 = Release|Any CPU
	EndGlobalSection
	GlobalSection(SolutionProperties) = preSolution
		HideSolutionNode = FALSE
	EndGlobalSection
	GlobalSection(ExtensibilityGlobals) = postSolution
		SolutionGuid = {EFC585B6-A390-446F-9D57-85210E49F951}
	EndGlobalSection
EndGlobal
