
Microsoft Visual Studio Solution File, Format Version 12.00
# Visual Studio Version 16
VisualStudioVersion = 16.0.30330.147
MinimumVisualStudioVersion = 10.0.40219.1
Project("{FAE04EC0-301F-11D3-BF4B-00C04F79EFBC}") = "website", "website.csproj", "{1CF6E828-F714-432B-9A37-DF0A27A0A55F}"
EndProject
Global
	GlobalSection(SolutionConfigurationPlatforms) = preSolution
		Debug|Any CPU = Debug|Any CPU
		Release|Any CPU = Release|Any CPU
	EndGlobalSection
	GlobalSection(ProjectConfigurationPlatforms) = postSolution
		{1CF6E828-F714-432B-9A37-DF0A27A0A55F}.Debug|Any CPU.ActiveCfg = Debug|Any CPU
		{1CF6E828-F714-432B-9A37-DF0A27A0A55F}.Debug|Any CPU.Build.0 = Debug|Any CPU
		{1CF6E828-F714-432B-9A37-DF0A27A0A55F}.Release|Any CPU.ActiveCfg = Release|Any CPU
		{1CF6E828-F714-432B-9A37-DF0A27A0A55F}.Release|Any CPU.Build.0 = Release|Any CPU
	EndGlobalSection
	GlobalSection(SolutionProperties) = preSolution
		HideSolutionNode = FALSE
	EndGlobalSection
	GlobalSection(ExtensibilityGlobals) = postSolution
		SolutionGuid = {ADF5E9F8-C5B1-480B-85A2-BF7365C1F888}
	EndGlobalSection
EndGlobal
